// !$*UTF8*$!
{
	archiveVersion = 1;
	classes = {
	};
	objectVersion = 46;
	objects = {

/* Begin PBXBuildFile section */
		FED6F65B1EB86EA900B9F55B /* main.m in Sources */ = {isa = PBXBuildFile; fileRef = FED6F65A1EB86EA900B9F55B /* main.m */; };
		FED6F65E1EB86EA900B9F55B /* AppDelegate.m in Sources */ = {isa = PBXBuildFile; fileRef = FED6F65D1EB86EA900B9F55B /* AppDelegate.m */; };
		FED6F6611EB86EA900B9F55B /* ViewController.m in Sources */ = {isa = PBXBuildFile; fileRef = FED6F6601EB86EA900B9F55B /* ViewController.m */; };
		FED6F6641EB86EA900B9F55B /* Main.storyboard in Resources */ = {isa = PBXBuildFile; fileRef = FED6F6621EB86EA900B9F55B /* Main.storyboard */; };
		FED6F6671EB86EA900B9F55B /* Github.xcdatamodeld in Sources */ = {isa = PBXBuildFile; fileRef = FED6F6651EB86EA900B9F55B /* Github.xcdatamodeld */; };
		FED6F6691EB86EA900B9F55B /* Assets.xcassets in Resources */ = {isa = PBXBuildFile; fileRef = FED6F6681EB86EA900B9F55B /* Assets.xcassets */; };
		FED6F66C1EB86EA900B9F55B /* LaunchScreen.storyboard in Resources */ = {isa = PBXBuildFile; fileRef = FED6F66A1EB86EA900B9F55B /* LaunchScreen.storyboard */; };
/* End PBXBuildFile section */

/* Begin PBXFileReference section */
		FED6F6561EB86EA900B9F55B /* Github.app */ = {isa = PBXFileReference; explicitFileType = wrapper.application; includeInIndex = 0; path = Github.app; sourceTree = BUILT_PRODUCTS_DIR; };
		FED6F65A1EB86EA900B9F55B /* main.m */ = {isa = PBXFileReference; lastKnownFileType = sourcecode.c.objc; path = main.m; sourceTree = "<group>"; };
		FED6F65C1EB86EA900B9F55B /* AppDelegate.h */ = {isa = PBXFileReference; lastKnownFileType = sourcecode.c.h; path = AppDelegate.h; sourceTree = "<group>"; };
		FED6F65D1EB86EA900B9F55B /* AppDelegate.m */ = {isa = PBXFileReference; lastKnownFileType = sourcecode.c.objc; path = AppDelegate.m; sourceTree = "<group>"; };
		FED6F65F1EB86EA900B9F55B /* ViewController.h */ = {isa = PBXFileReference; lastKnownFileType = sourcecode.c.h; path = ViewController.h; sourceTree = "<group>"; };
		FED6F6601EB86EA900B9F55B /* ViewController.m */ = {isa = PBXFileReference; lastKnownFileType = sourcecode.c.objc; path = ViewController.m; sourceTree = "<group>"; };
		FED6F6631EB86EA900B9F55B /* Base */ = {isa = PBXFileReference; lastKnownFileType = file.storyboard; name = Base; path = Base.lproj/Main.storyboard; sourceTree = "<group>"; };
		FED6F6661EB86EA900B9F55B /* Github.xcdatamodel */ = {isa = PBXFileReference; lastKnownFileType = wrapper.xcdatamodel; path = Github.xcdatamodel; sourceTree = "<group>"; };
		FED6F6681EB86EA900B9F55B /* Assets.xcassets */ = {isa = PBXFileReference; lastKnownFileType = folder.assetcatalog; path = Assets.xcassets; sourceTree = "<group>"; };
		FED6F66B1EB86EA900B9F55B /* Base */ = {isa = PBXFileReference; lastKnownFileType = file.storyboard; name = Base; path = Base.lproj/LaunchScreen.storyboard; sourceTree = "<group>"; };
		FED6F66D1EB86EA900B9F55B /* Info.plist */ = {isa = PBXFileReference; lastKnownFileType = text.plist.xml; path = Info.plist; sourceTree = "<group>"; };
/* End PBXFileReference section */

/* Begin PBXFrameworksBuildPhase section */
		FED6F6531EB86EA900B9F55B /* Frameworks */ = {
			isa = PBXFrameworksBuildPhase;
			buildActionMask = 2147483647;
			files = (
			);
			runOnlyForDeploymentPostprocessing = 0;
		};
/* End PBXFrameworksBuildPhase section */

/* Begin PBXGroup section */
		FED6F64D1EB86EA900B9F55B = {
			isa = PBXGroup;
			children = (
				FED6F6581EB86EA900B9F55B /* Github */,
				FED6F6571EB86EA900B9F55B /* Products */,
			);
			sourceTree = "<group>";
		};
		FED6F6571EB86EA900B9F55B /* Products */ = {
			isa = PBXGroup;
			children = (
				FED6F6561EB86EA900B9F55B /* Github.app */,
			);
			name = Products;
			sourceTree = "<group>";
		};
		FED6F6581EB86EA900B9F55B /* Github */ = {
			isa = PBXGroup;
			children = (
				FED6F65C1EB86EA900B9F55B /* AppDelegate.h */,
				FED6F65D1EB86EA900B9F55B /* AppDelegate.m */,
				FED6F65F1EB86EA900B9F55B /* ViewController.h */,
				FED6F6601EB86EA900B9F55B /* ViewController.m */,
				FED6F6621EB86EA900B9F55B /* Main.storyboard */,
				FED6F6681EB86EA900B9F55B /* Assets.xcassets */,
				FED6F66A1EB86EA900B9F55B /* LaunchScreen.storyboard */,
				FED6F66D1EB86EA900B9F55B /* Info.plist */,
				FED6F6651EB86EA900B9F55B /* Github.xcdatamodeld */,
				FED6F6591EB86EA900B9F55B /* Supporting Files */,
			);
			path = Github;
			sourceTree = "<group>";
		};
		FED6F6591EB86EA900B9F55B /* Supporting Files */ = {
			isa = PBXGroup;
			children = (
				FED6F65A1EB86EA900B9F55B /* main.m */,
			);
			name = "Supporting Files";
			sourceTree = "<group>";
		};
/* End PBXGroup section */

/* Begin PBXNativeTarget section */
		FED6F6551EB86EA900B9F55B /* Github */ = {
			isa = PBXNativeTarget;
			buildConfigurationList = FED6F6701EB86EA900B9F55B /* Build configuration list for PBXNativeTarget "Github" */;
			buildPhases = (
				FED6F6521EB86EA900B9F55B /* Sources */,
				FED6F6531EB86EA900B9F55B /* Frameworks */,
				FED6F6541EB86EA900B9F55B /* Resources */,
			);
			buildRules = (
			);
			dependencies = (
			);
			name = Github;
			productName = Github;
			productReference = FED6F6561EB86EA900B9F55B /* Github.app */;
			productType = "com.apple.product-type.application";
		};
/* End PBXNativeTarget section */

/* Begin PBXProject section */
		FED6F64E1EB86EA900B9F55B /* Project object */ = {
			isa = PBXProject;
			attributes = {
				LastUpgradeCheck = 0820;
				ORGANIZATIONNAME = booviga;
				TargetAttributes = {
					FED6F6551EB86EA900B9F55B = {
						CreatedOnToolsVersion = 8.2.1;
						DevelopmentTeam = 7A7SQ28JDR;
						ProvisioningStyle = Automatic;
					};
				};
			};
			buildConfigurationList = FED6F6511EB86EA900B9F55B /* Build configuration list for PBXProject "Github" */;
			compatibilityVersion = "Xcode 3.2";
			developmentRegion = English;
			hasScannedForEncodings = 0;
			knownRegions = (
				en,
				Base,
			);
			mainGroup = FED6F64D1EB86EA900B9F55B;
			productRefGroup = FED6F6571EB86EA900B9F55B /* Products */;
			projectDirPath = "";
			projectRoot = "";
			targets = (
				FED6F6551EB86EA900B9F55B /* Github */,
			);
		};
/* End PBXProject section */

/* Begin PBXResourcesBuildPhase section */
		FED6F6541EB86EA900B9F55B /* Resources */ = {
			isa = PBXResourcesBuildPhase;
			buildActionMask = 2147483647;
			files = (
				FED6F66C1EB86EA900B9F55B /* LaunchScreen.storyboard in Resources */,
				FED6F6691EB86EA900B9F55B /* Assets.xcassets in Resources */,
				FED6F6641EB86EA900B9F55B /* Main.storyboard in Resources */,
			);
			runOnlyForDeploymentPostprocessing = 0;
		};
/* End PBXResourcesBuildPhase section */

/* Begin PBXSourcesBuildPhase section */
		FED6F6521EB86EA900B9F55B /* Sources */ = {
			isa = PBXSourcesBuildPhase;
			buildActionMask = 2147483647;
			files = (
				FED6F6611EB86EA900B9F55B /* ViewController.m in Sources */,
				FED6F65E1EB86EA900B9F55B /* AppDelegate.m in Sources */,
				FED6F6671EB86EA900B9F55B /* Github.xcdatamodeld in Sources */,
				FED6F65B1EB86EA900B9F55B /* main.m in Sources */,
			);
			runOnlyForDeploymentPostprocessing = 0;
		};
/* End PBXSourcesBuildPhase section */

/* Begin PBXVariantGroup section */
		FED6F6621EB86EA900B9F55B /* Main.storyboard */ = {
			isa = PBXVariantGroup;
			children = (
				FED6F6631EB86EA900B9F55B /* Base */,
			);
			name = Main.storyboard;
			sourceTree = "<group>";
		};
		FED6F66A1EB86EA900B9F55B /* LaunchScreen.storyboard */ = {
			isa = PBXVariantGroup;
			children = (
				FED6F66B1EB86EA900B9F55B /* Base */,
			);
			name = LaunchScreen.storyboard;
			sourceTree = "<group>";
		};
/* End PBXVariantGroup section */

/* Begin XCBuildConfiguration section */
		FED6F66E1EB86EA900B9F55B /* Debug */ = {
			isa = XCBuildConfiguration;
			buildSettings = {
				ALWAYS_SEARCH_USER_PATHS = NO;
				CLANG_ANALYZER_NONNULL = YES;
				CLANG_CXX_LANGUAGE_STANDARD = "gnu++0x";
				CLANG_CXX_LIBRARY = "libc++";
				CLANG_ENABLE_MODULES = YES;
				CLANG_ENABLE_OBJC_ARC = YES;
				CLANG_WARN_BOOL_CONVERSION = YES;
				CLANG_WARN_CONSTANT_CONVERSION = YES;
				CLANG_WARN_DIRECT_OBJC_ISA_USAGE = YES_ERROR;
				CLANG_WARN_DOCUMENTATION_COMMENTS = YES;
				CLANG_WARN_EMPTY_BODY = YES;
				CLANG_WARN_ENUM_CONVERSION = YES;
				CLANG_WARN_INFINITE_RECURSION = YES;
				CLANG_WARN_INT_CONVERSION = YES;
				CLANG_WARN_OBJC_ROOT_CLASS = YES_ERROR;
				CLANG_WARN_SUSPICIOUS_MOVE = YES;
				CLANG_WARN_UNREACHABLE_CODE = YES;
				CLANG_WARN__DUPLICATE_METHOD_MATCH = YES;
				"CODE_SIGN_IDENTITY[sdk=iphoneos*]" = "iPhone Developer";
				COPY_PHASE_STRIP = NO;
				DEBUG_INFORMATION_FORMAT = dwarf;
				ENABLE_STRICT_OBJC_MSGSEND = YES;
				ENABLE_TESTABILITY = YES;
				GCC_C_LANGUAGE_STANDARD = gnu99;
				GCC_DYNAMIC_NO_PIC = NO;
				GCC_NO_COMMON_BLOCKS = YES;
				GCC_OPTIMIZATION_LEVEL = 0;
				GCC_PREPROCESSOR_DEFINITIONS = (
					"DEBUG=1",
					"$(inherited)",
				);
				GCC_WARN_64_TO_32_BIT_CONVERSION = YES;
				GCC_WARN_ABOUT_RETURN_TYPE = YES_ERROR;
				GCC_WARN_UNDECLARED_SELECTOR = YES;
				GCC_WARN_UNINITIALIZED_AUTOS = YES_AGGRESSIVE;
				GCC_WARN_UNUSED_FUNCTION = YES;
				GCC_WARN_UNUSED_VARIABLE = YES;
				IPHONEOS_DEPLOYMENT_TARGET = 10.2;
				MTL_ENABLE_DEBUG_INFO = YES;
				ONLY_ACTIVE_ARCH = YES;
				SDKROOT = iphoneos;
			};
			name = Debug;
		};
		FED6F66F1EB86EA900B9F55B /* Release */ = {
			isa = XCBuildConfiguration;
			buildSettings = {
				ALWAYS_SEARCH_USER_PATHS = NO;
				CLANG_ANALYZER_NONNULL = YES;
				CLANG_CXX_LANGUAGE_STANDARD = "gnu++0x";
				CLANG_CXX_LIBRARY = "libc++";
				CLANG_ENABLE_MODULES = YES;
				CLANG_ENABLE_OBJC_ARC = YES;
				CLANG_WARN_BOOL_CONVERSION = YES;
				CLANG_WARN_CONSTANT_CONVERSION = YES;
				CLANG_WARN_DIRECT_OBJC_ISA_USAGE = YES_ERROR;
				CLANG_WARN_DOCUMENTATION_COMMENTS = YES;
				CLANG_WARN_EMPTY_BODY = YES;
				CLANG_WARN_ENUM_CONVERSION = YES;
				CLANG_WARN_INFINITE_RECURSION = YES;
				CLANG_WARN_INT_CONVERSION = YES;
				CLANG_WARN_OBJC_ROOT_CLASS = YES_ERROR;
				CLANG_WARN_SUSPICIOUS_MOVE = YES;
				CLANG_WARN_UNREACHABLE_CODE = YES;
				CLANG_WARN__DUPLICATE_METHOD_MATCH = YES;
				"CODE_SIGN_IDENTITY[sdk=iphoneos*]" = "iPhone Developer";
				COPY_PHASE_STRIP = NO;
				DEBUG_INFORMATION_FORMAT = "dwarf-with-dsym";
				ENABLE_NS_ASSERTIONS = NO;
				ENABLE_STRICT_OBJC_MSGSEND = YES;
				GCC_C_LANGUAGE_STANDARD = gnu99;
				GCC_NO_COMMON_BLOCKS = YES;
				GCC_WARN_64_TO_32_BIT_CONVERSION = YES;
				GCC_WARN_ABOUT_RETURN_TYPE = YES_ERROR;
				GCC_WARN_UNDECLARED_SELECTOR = YES;
				GCC_WARN_UNINITIALIZED_AUTOS = YES_AGGRESSIVE;
				GCC_WARN_UNUSED_FUNCTION = YES;
				GCC_WARN_UNUSED_VARIABLE = YES;
				IPHONEOS_DEPLOYMENT_TARGET = 10.2;
				MTL_ENABLE_DEBUG_INFO = NO;
				SDKROOT = iphoneos;
				VALIDATE_PRODUCT = YES;
			};
			name = Release;
		};
		FED6F6711EB86EA900B9F55B /* Debug */ = {
			isa = XCBuildConfiguration;
			buildSettings = {
				ASSETCATALOG_COMPILER_APPICON_NAME = AppIcon;
				DEVELOPMENT_TEAM = 7A7SQ28JDR;
				INFOPLIST_FILE = Github/Info.plist;
				LD_RUNPATH_SEARCH_PATHS = "$(inherited) @executable_path/Frameworks";
				PRODUCT_BUNDLE_IDENTIFIER = com.boovi.Github;
				PRODUCT_NAME = "$(TARGET_NAME)";
			};
			name = Debug;
		};
		FED6F6721EB86EA900B9F55B /* Release */ = {
			isa = XCBuildConfiguration;
			buildSettings = {
				ASSETCATALOG_COMPILER_APPICON_NAME = AppIcon;
				DEVELOPMENT_TEAM = 7A7SQ28JDR;
				INFOPLIST_FILE = Github/Info.plist;
				LD_RUNPATH_SEARCH_PATHS = "$(inherited) @executable_path/Frameworks";
				PRODUCT_BUNDLE_IDENTIFIER = com.boovi.Github;
				PRODUCT_NAME = "$(TARGET_NAME)";
			};
			name = Release;
		};
/* End XCBuildConfiguration section */

/* Begin XCConfigurationList section */
		FED6F6511EB86EA900B9F55B /* Build configuration list for PBXProject "Github" */ = {
			isa = XCConfigurationList;
			buildConfigurations = (
				FED6F66E1EB86EA900B9F55B /* Debug */,
				FED6F66F1EB86EA900B9F55B /* Release */,
			);
			defaultConfigurationIsVisible = 0;
			defaultConfigurationName = Release;
		};
		FED6F6701EB86EA900B9F55B /* Build configuration list for PBXNativeTarget "Github" */ = {
			isa = XCConfigurationList;
			buildConfigurations = (
				FED6F6711EB86EA900B9F55B /* Debug */,
				FED6F6721EB86EA900B9F55B /* Release */,
			);
			defaultConfigurationIsVisible = 0;
		};
/* End XCConfigurationList section */

/* Begin XCVersionGroup section */
		FED6F6651EB86EA900B9F55B /* Github.xcdatamodeld */ = {
			isa = XCVersionGroup;
			children = (
				FED6F6661EB86EA900B9F55B /* Github.xcdatamodel */,
			);
			currentVersion = FED6F6661EB86EA900B9F55B /* Github.xcdatamodel */;
			path = Github.xcdatamodeld;
			sourceTree = "<group>";
			versionGroupType = wrapper.xcdatamodel;
		};
/* End XCVersionGroup section */
	};
	rootObject = FED6F64E1EB86EA900B9F55B /* Project object */;
}
